{
  "lockfile_version": "1",
  "packages": {
    "git@latest": {
      "last_modified": "2024-11-16T04:25:12Z",
      "resolved": "github:NixOS/nixpkgs/34a626458d686f1b58139620a8b2793e9e123bba#git",
      "source": "devbox-search",
      "version": "2.47.0",
      "systems": {
        "aarch64-darwin": {
          "outputs": [
            {
              "name": "out",
              "path": "/nix/store/w5rggkxjd7z2cjk4fia9za7gb485pydw-git-2.47.0",
              "default": true
            },
            {
              "name": "doc",
              "path": "/nix/store/8r3g3kpmrgk1ih1wfyfxv0qrybaqqk6r-git-2.47.0-doc"
            }
          ],
          "store_path": "/nix/store/w5rggkxjd7z2cjk4fia9za7gb485pydw-git-2.47.0"
        },
        "aarch64-linux": {
          "outputs": [
            {
              "name": "out",
              "path": "/nix/store/50hslncwwrrzjwyrr5ifia29dxlmny03-git-2.47.0",
              "default": true
            },
            {
              "name": "doc",
              "path": "/nix/store/27xymgj2ah5j40iy407p9604nlg23whx-git-2.47.0-doc"
            },
            {
              "name": "debug",
              "path": "/nix/store/48mq59i2nmkay3qbqqjsgpsqhwnjvn7n-git-2.47.0-debug"
            }
          ],
          "store_path": "/nix/store/50hslncwwrrzjwyrr5ifia29dxlmny03-git-2.47.0"
        },
        "x86_64-darwin": {
          "outputs": [
            {
              "name": "out",
              "path": "/nix/store/w7a374fz8ai3swihnynx4r7hgqsw9xvd-git-2.47.0",
              "default": true
            },
            {
              "name": "doc",
              "path": "/nix/store/zm42fzcd69sc8jqcn22z5dhnj5rvrk39-git-2.47.0-doc"
            }
          ],
          "store_path": "/nix/store/w7a374fz8ai3swihnynx4r7hgqsw9xvd-git-2.47.0"
        },
        "x86_64-linux": {
          "outputs": [
            {
              "name": "out",
              "path": "/nix/store/pxpns5vm111i6j3r3wbygaj99wbrm6h1-git-2.47.0",
              "default": true
            },
            {
              "name": "debug",
              "path": "/nix/store/yzj0y9yq01yfqmpwvifwqlnws90yq60l-git-2.47.0-debug"
            },
            {
              "name": "doc",
              "path": "/nix/store/851nl4fknnygvx9qmkmm7iqlv66l4fzg-git-2.47.0-doc"
            }
          ],
          "store_path": "/nix/store/pxpns5vm111i6j3r3wbygaj99wbrm6h1-git-2.47.0"
        }
      }
    },
    "terraform@latest": {
      "last_modified": "2024-11-16T04:25:12Z",
      "resolved": "github:NixOS/nixpkgs/34a626458d686f1b58139620a8b2793e9e123bba#terraform",
      "source": "devbox-search",
      "version": "1.9.8",
      "systems": {
        "aarch64-darwin": {
          "outputs": [
            {
              "name": "out",
              "path": "/nix/store/pdx98fdrfj04a33r1afjw3wbasn52nrm-terraform-1.9.8",
              "default": true
            }
          ],
          "store_path": "/nix/store/pdx98fdrfj04a33r1afjw3wbasn52nrm-terraform-1.9.8"
        },
        "aarch64-linux": {
          "outputs": [
            {
              "name": "out",
              "path": "/nix/store/l3xq1m6pbps47lmywawi090x4xaiyqzd-terraform-1.9.8",
              "default": true
            }
          ],
          "store_path": "/nix/store/l3xq1m6pbps47lmywawi090x4xaiyqzd-terraform-1.9.8"
        },
        "x86_64-darwin": {
          "outputs": [
            {
              "name": "out",
              "path": "/nix/store/x7z3b6khfyip193ir7zji4fcm91zia4b-terraform-1.9.8",
              "default": true
            }
          ],
          "store_path": "/nix/store/x7z3b6khfyip193ir7zji4fcm91zia4b-terraform-1.9.8"
        },
        "x86_64-linux": {
          "outputs": [
            {
              "name": "out",
              "path": "/nix/store/i9ib61ij0cxbv3awnnkfkahb8bjz61k3-terraform-1.9.8",
              "default": true
            }
          ],
          "store_path": "/nix/store/i9ib61ij0cxbv3awnnkfkahb8bjz61k3-terraform-1.9.8"
        }
      }
    }
  }
}
